
Microsoft Visual Studio Solution File, Format Version 12.00
# Visual Studio 2012
Project("{159641D6-6404-4A2A-AE62-294DE0FE8301}") = "CRMIntegration", "CRMIntegration.dtproj", "{0ECA1150-F7EB-49FF-B4DD-B328A695322C}"
EndProject
Global
	GlobalSection(SolutionConfigurationPlatforms) = preSolution
		Development|Default = Development|Default
	EndGlobalSection
	GlobalSection(ProjectConfigurationPlatforms) = postSolution
		{0ECA1150-F7EB-49FF-B4DD-B328A695322C}.Development|Default.ActiveCfg = Development
		{0ECA1150-F7EB-49FF-B4DD-B328A695322C}.Development|Default.Build.0 = Development
	EndGlobalSection
	GlobalSection(SolutionProperties) = preSolution
		HideSolutionNode = FALSE
	EndGlobalSection
EndGlobal
